<?xml version="1.0" encoding="utf-8"?>
<Project ToolsVersion="4.0" xmlns="http://schemas.microsoft.com/developer/msbuild/2003">
  <ItemGroup>
    <Filter Include="源文件">
      <UniqueIdentifier>{4FC737F1-C7A5-4376-A066-2A32D752A2FF}</UniqueIdentifier>
      <Extensions>cpp;c;cc;cxx;c++;cppm;ixx;def;odl;idl;hpj;bat;asm;asmx</Extensions>
    </Filter>
    <Filter Include="头文件">
      <UniqueIdentifier>{93995380-89BD-4b04-88EB-625FBE52EBFB}</UniqueIdentifier>
      <Extensions>h;hh;hpp;hxx;h++;hm;inl;inc;ipp;xsd</Extensions>
    </Filter>
    <Filter Include="资源文件">
      <UniqueIdentifier>{67DA6AB6-F800-4c08-8B7A-83BB121AAD01}</UniqueIdentifier>
      <Extensions>rc;ico;cur;bmp;dlg;rc2;rct;bin;rgs;gif;jpg;jpeg;jpe;resx;tiff;tif;png;wav;mfcribbon-ms</Extensions>
    </Filter>
    <Filter Include="头文件\mlib">
      <UniqueIdentifier>{2617b6b3-c2c0-4efe-a198-0fdeea394f0b}</UniqueIdentifier>
    </Filter>
    <Filter Include="头文件\jsonxx">
      <UniqueIdentifier>{b722fdef-9ca1-4a00-a9fd-025608d701f0}</UniqueIdentifier>
    </Filter>
    <Filter Include="源文件\jsonxx">
      <UniqueIdentifier>{5732f68c-2ad5-4aa3-a409-1dafd9c10278}</UniqueIdentifier>
    </Filter>
  </ItemGroup>
  <ItemGroup>
    <ClInclude Include="backend\mlib\Function.hpp">
      <Filter>头文件\mlib</Filter>
    </ClInclude>
    <ClInclude Include="backend\mlib\Logger.hpp">
      <Filter>头文件\mlib</Filter>
    </ClInclude>
    <ClInclude Include="backend\mlib\Process.hpp">
      <Filter>头文件\mlib</Filter>
    </ClInclude>
    <ClInclude Include="backend\mlib\ThreadPool.hpp">
      <Filter>头文件\mlib</Filter>
    </ClInclude>
    <ClInclude Include="backend\jsonxx\jsonxx.h">
      <Filter>头文件\jsonxx</Filter>
    </ClInclude>
    <ClInclude Include="backend\Backend.h">
      <Filter>头文件</Filter>
    </ClInclude>
    <ClInclude Include="backend\UserPool.h">
      <Filter>头文件</Filter>
    </ClInclude>
    <ClInclude Include="backend\Downloader.h">
      <Filter>头文件</Filter>
    </ClInclude>
    <ClInclude Include="backend\Parser.h">
      <Filter>头文件</Filter>
    </ClInclude>
    <ClInclude Include="backend\ItemEntry.h">
      <Filter>头文件</Filter>
    </ClInclude>
    <ClInclude Include="backend\Item.h">
      <Filter>头文件</Filter>
    </ClInclude>
  </ItemGroup>
  <ItemGroup>
    <ClCompile Include="backend\Backend.cpp">
      <Filter>源文件</Filter>
    </ClCompile>
    <ClCompile Include="backend\UserPool.cpp">
      <Filter>源文件</Filter>
    </ClCompile>
    <ClCompile Include="backend\UserPool_private.cpp">
      <Filter>源文件</Filter>
    </ClCompile>
    <ClCompile Include="backend\jsonxx\jsonxx.cc">
      <Filter>源文件\jsonxx</Filter>
    </ClCompile>
    <ClCompile Include="backend\Downloader.cpp">
      <Filter>源文件</Filter>
    </ClCompile>
    <ClCompile Include="backend\Parser.cpp">
      <Filter>源文件</Filter>
    </ClCompile>
    <ClCompile Include="源.cpp">
      <Filter>源文件</Filter>
    </ClCompile>
    <ClCompile Include="backend\ItemEntry.cpp">
      <Filter>源文件</Filter>
    </ClCompile>
    <ClCompile Include="backend\Item.cpp">
      <Filter>源文件</Filter>
    </ClCompile>
  </ItemGroup>
</Project>