<?xml version="1.0" encoding="utf-8"?>
<Project ToolsVersion="4.0" xmlns="http://schemas.microsoft.com/developer/msbuild/2003">
  <ItemGroup>
    <Filter Include="源文件">
      <UniqueIdentifier>{4FC737F1-C7A5-4376-A066-2A32D752A2FF}</UniqueIdentifier>
      <Extensions>cpp;c;cc;cxx;c++;cppm;ixx;def;odl;idl;hpj;bat;asm;asmx</Extensions>
    </Filter>
    <Filter Include="头文件">
      <UniqueIdentifier>{93995380-89BD-4b04-88EB-625FBE52EBFB}</UniqueIdentifier>
      <Extensions>h;hh;hpp;hxx;h++;hm;inl;inc;ipp;xsd</Extensions>
    </Filter>
    <Filter Include="资源文件">
      <UniqueIdentifier>{67DA6AB6-F800-4c08-8B7A-83BB121AAD01}</UniqueIdentifier>
      <Extensions>rc;ico;cur;bmp;dlg;rc2;rct;bin;rgs;gif;jpg;jpeg;jpe;resx;tiff;tif;png;wav;mfcribbon-ms</Extensions>
    </Filter>
    <Filter Include="头文件\backend">
      <UniqueIdentifier>{4b74e641-6141-4857-9723-ad9dfedc0795}</UniqueIdentifier>
    </Filter>
    <Filter Include="源文件\backend">
      <UniqueIdentifier>{219dd5dd-e955-4520-8ef1-667cd6e8aaaf}</UniqueIdentifier>
    </Filter>
    <Filter Include="头文件\backend\mlib">
      <UniqueIdentifier>{dcca0dba-4003-4cc0-b127-c00ae070caed}</UniqueIdentifier>
    </Filter>
    <Filter Include="头文件\backend\jsonxx">
      <UniqueIdentifier>{68a8c239-6dec-4585-84c4-dfc826e5e33e}</UniqueIdentifier>
    </Filter>
    <Filter Include="源文件\backend\jsonxx">
      <UniqueIdentifier>{f17faaa4-8e52-4959-be16-55714ac41059}</UniqueIdentifier>
    </Filter>
  </ItemGroup>
  <ItemGroup>
    <ClInclude Include="backend\backend.h">
      <Filter>头文件\backend</Filter>
    </ClInclude>
    <ClInclude Include="backend\tasker.h">
      <Filter>头文件\backend</Filter>
    </ClInclude>
    <ClInclude Include="backend\mlib\process.hpp">
      <Filter>头文件\backend\mlib</Filter>
    </ClInclude>
    <ClInclude Include="backend\jsonxx\jsonxx.h">
      <Filter>头文件\backend\jsonxx</Filter>
    </ClInclude>
    <ClInclude Include="backend\item.h">
      <Filter>头文件\backend</Filter>
    </ClInclude>
    <ClInclude Include="backend\userpool.h">
      <Filter>头文件\backend</Filter>
    </ClInclude>
  </ItemGroup>
  <ItemGroup>
    <ClCompile Include="backend\backend.cpp">
      <Filter>源文件\backend</Filter>
    </ClCompile>
    <ClCompile Include="backend\tasker.cpp">
      <Filter>源文件\backend</Filter>
    </ClCompile>
    <ClCompile Include="backend\jsonxx\jsonxx.cc">
      <Filter>源文件\backend\jsonxx</Filter>
    </ClCompile>
    <ClCompile Include="main.cpp">
      <Filter>源文件</Filter>
    </ClCompile>
    <ClCompile Include="backend\item.cpp">
      <Filter>源文件\backend</Filter>
    </ClCompile>
    <ClCompile Include="backend\userpool.cpp">
      <Filter>源文件\backend</Filter>
    </ClCompile>
  </ItemGroup>
</Project>